// !$*UTF8*$!
{
	archiveVersion = 1;
	classes = {
	};
	objectVersion = 56;
	objects = {

/* Begin PBXBuildFile section */
		E706094A2B8B8606007F404E /* QuizViewModel.swift in Sources */ = {isa = PBXBuildFile; fileRef = E70609492B8B8606007F404E /* QuizViewModel.swift */; };
		E706094D2B8B9C16007F404E /* ScoreViewModel.swift in Sources */ = {isa = PBXBuildFile; fileRef = E706094C2B8B9C16007F404E /* ScoreViewModel.swift */; };
		E706094F2B8BB071007F404E /* HomeViewModel.swift in Sources */ = {isa = PBXBuildFile; fileRef = E706094E2B8BB070007F404E /* HomeViewModel.swift */; };
		E7067AC12B8C20AB008B342A /* SplashViewController.swift in Sources */ = {isa = PBXBuildFile; fileRef = E7067AC02B8C20AB008B342A /* SplashViewController.swift */; };
		E73262C02B8ACFB400FC02F2 /* Teste_Tecnico_iOS_Dynamox_ViewCodeTests.swift in Sources */ = {isa = PBXBuildFile; fileRef = E73262BF2B8ACFB400FC02F2 /* Teste_Tecnico_iOS_Dynamox_ViewCodeTests.swift */; };
		E7481C562B8C075D00219F21 /* UIButtonCustomStyle.swift in Sources */ = {isa = PBXBuildFile; fileRef = E7481C552B8C075D00219F21 /* UIButtonCustomStyle.swift */; };
		E7675E382B8BD55C00E372D1 /* ScoreDataModel.xcdatamodeld in Sources */ = {isa = PBXBuildFile; fileRef = E7675E362B8BD55C00E372D1 /* ScoreDataModel.xcdatamodeld */; };
		E7946C8E2B8A498400AEA7B0 /* AppDelegate.swift in Sources */ = {isa = PBXBuildFile; fileRef = E7946C8D2B8A498400AEA7B0 /* AppDelegate.swift */; };
		E7946C902B8A498400AEA7B0 /* SceneDelegate.swift in Sources */ = {isa = PBXBuildFile; fileRef = E7946C8F2B8A498400AEA7B0 /* SceneDelegate.swift */; };
		E7946C922B8A498400AEA7B0 /* HomeViewController.swift in Sources */ = {isa = PBXBuildFile; fileRef = E7946C912B8A498400AEA7B0 /* HomeViewController.swift */; };
		E7946C972B8A498700AEA7B0 /* Assets.xcassets in Resources */ = {isa = PBXBuildFile; fileRef = E7946C962B8A498700AEA7B0 /* Assets.xcassets */; };
		E794B3872B8A59DA00E797C3 /* QuizViewController.swift in Sources */ = {isa = PBXBuildFile; fileRef = E794B3862B8A59DA00E797C3 /* QuizViewController.swift */; };
		E794B38A2B8A674D00E797C3 /* QuizManager.swift in Sources */ = {isa = PBXBuildFile; fileRef = E794B3892B8A674D00E797C3 /* QuizManager.swift */; };
		E794B38C2B8A67ED00E797C3 /* Question.swift in Sources */ = {isa = PBXBuildFile; fileRef = E794B38B2B8A67ED00E797C3 /* Question.swift */; };
		E794B38F2B8A683800E797C3 /* AnswerResponse.swift in Sources */ = {isa = PBXBuildFile; fileRef = E794B38E2B8A683800E797C3 /* AnswerResponse.swift */; };
		E7A7A4E32B9929FD00B3C0FB /* SplashLoginViewController.swift in Sources */ = {isa = PBXBuildFile; fileRef = E7A7A4E22B9929FD00B3C0FB /* SplashLoginViewController.swift */; };
		E7F119C82B8BFC26000DE918 /* QuizManagerProtocol.swift in Sources */ = {isa = PBXBuildFile; fileRef = E7F119C72B8BFC26000DE918 /* QuizManagerProtocol.swift */; };
		E7F119CA2B8BFC4B000DE918 /* QuizManagerStub.swift in Sources */ = {isa = PBXBuildFile; fileRef = E7F119C92B8BFC4B000DE918 /* QuizManagerStub.swift */; };
		E7FD2BEC2B8A96B400D030AC /* ScoreViewController.swift in Sources */ = {isa = PBXBuildFile; fileRef = E7FD2BEB2B8A96B300D030AC /* ScoreViewController.swift */; };
/* End PBXBuildFile section */

/* Begin PBXContainerItemProxy section */
		E73262C12B8ACFB400FC02F2 /* PBXContainerItemProxy */ = {
			isa = PBXContainerItemProxy;
			containerPortal = E7946C822B8A498400AEA7B0 /* Project object */;
			proxyType = 1;
			remoteGlobalIDString = E7946C892B8A498400AEA7B0;
			remoteInfo = Teste_Tecnico_iOS_Dynamox_ViewCode;
		};
/* End PBXContainerItemProxy section */

/* Begin PBXFileReference section */
		E70609492B8B8606007F404E /* QuizViewModel.swift */ = {isa = PBXFileReference; lastKnownFileType = sourcecode.swift; path = QuizViewModel.swift; sourceTree = "<group>"; };
		E706094C2B8B9C16007F404E /* ScoreViewModel.swift */ = {isa = PBXFileReference; lastKnownFileType = sourcecode.swift; path = ScoreViewModel.swift; sourceTree = "<group>"; };
		E706094E2B8BB070007F404E /* HomeViewModel.swift */ = {isa = PBXFileReference; lastKnownFileType = sourcecode.swift; path = HomeViewModel.swift; sourceTree = "<group>"; };
		E7067AC02B8C20AB008B342A /* SplashViewController.swift */ = {isa = PBXFileReference; lastKnownFileType = sourcecode.swift; path = SplashViewController.swift; sourceTree = "<group>"; };
		E73262BD2B8ACFB400FC02F2 /* Teste_Tecnico_iOS_Dynamox_ViewCodeTests.xctest */ = {isa = PBXFileReference; explicitFileType = wrapper.cfbundle; includeInIndex = 0; path = Teste_Tecnico_iOS_Dynamox_ViewCodeTests.xctest; sourceTree = BUILT_PRODUCTS_DIR; };
		E73262BF2B8ACFB400FC02F2 /* Teste_Tecnico_iOS_Dynamox_ViewCodeTests.swift */ = {isa = PBXFileReference; lastKnownFileType = sourcecode.swift; path = Teste_Tecnico_iOS_Dynamox_ViewCodeTests.swift; sourceTree = "<group>"; };
		E7481C552B8C075D00219F21 /* UIButtonCustomStyle.swift */ = {isa = PBXFileReference; lastKnownFileType = sourcecode.swift; path = UIButtonCustomStyle.swift; sourceTree = "<group>"; };
		E7675E372B8BD55C00E372D1 /* ScoreData.xcdatamodel */ = {isa = PBXFileReference; lastKnownFileType = wrapper.xcdatamodel; path = ScoreData.xcdatamodel; sourceTree = "<group>"; };
		E7946C8A2B8A498400AEA7B0 /* Teste_Tecnico_iOS_Dynamox_ViewCode.app */ = {isa = PBXFileReference; explicitFileType = wrapper.application; includeInIndex = 0; path = Teste_Tecnico_iOS_Dynamox_ViewCode.app; sourceTree = BUILT_PRODUCTS_DIR; };
		E7946C8D2B8A498400AEA7B0 /* AppDelegate.swift */ = {isa = PBXFileReference; lastKnownFileType = sourcecode.swift; path = AppDelegate.swift; sourceTree = "<group>"; };
		E7946C8F2B8A498400AEA7B0 /* SceneDelegate.swift */ = {isa = PBXFileReference; lastKnownFileType = sourcecode.swift; path = SceneDelegate.swift; sourceTree = "<group>"; };
		E7946C912B8A498400AEA7B0 /* HomeViewController.swift */ = {isa = PBXFileReference; lastKnownFileType = sourcecode.swift; path = HomeViewController.swift; sourceTree = "<group>"; };
		E7946C962B8A498700AEA7B0 /* Assets.xcassets */ = {isa = PBXFileReference; lastKnownFileType = folder.assetcatalog; path = Assets.xcassets; sourceTree = "<group>"; };
		E7946C9B2B8A498700AEA7B0 /* Info.plist */ = {isa = PBXFileReference; lastKnownFileType = text.plist.xml; path = Info.plist; sourceTree = "<group>"; };
		E794B3862B8A59DA00E797C3 /* QuizViewController.swift */ = {isa = PBXFileReference; lastKnownFileType = sourcecode.swift; path = QuizViewController.swift; sourceTree = "<group>"; };
		E794B3892B8A674D00E797C3 /* QuizManager.swift */ = {isa = PBXFileReference; lastKnownFileType = sourcecode.swift; path = QuizManager.swift; sourceTree = "<group>"; };
		E794B38B2B8A67ED00E797C3 /* Question.swift */ = {isa = PBXFileReference; lastKnownFileType = sourcecode.swift; path = Question.swift; sourceTree = "<group>"; };
		E794B38E2B8A683800E797C3 /* AnswerResponse.swift */ = {isa = PBXFileReference; lastKnownFileType = sourcecode.swift; path = AnswerResponse.swift; sourceTree = "<group>"; };
		E7A7A4E22B9929FD00B3C0FB /* SplashLoginViewController.swift */ = {isa = PBXFileReference; lastKnownFileType = sourcecode.swift; path = SplashLoginViewController.swift; sourceTree = "<group>"; };
		E7F119C72B8BFC26000DE918 /* QuizManagerProtocol.swift */ = {isa = PBXFileReference; lastKnownFileType = sourcecode.swift; path = QuizManagerProtocol.swift; sourceTree = "<group>"; };
		E7F119C92B8BFC4B000DE918 /* QuizManagerStub.swift */ = {isa = PBXFileReference; lastKnownFileType = sourcecode.swift; path = QuizManagerStub.swift; sourceTree = "<group>"; };
		E7FD2BEB2B8A96B300D030AC /* ScoreViewController.swift */ = {isa = PBXFileReference; lastKnownFileType = sourcecode.swift; path = ScoreViewController.swift; sourceTree = "<group>"; };
/* End PBXFileReference section */

/* Begin PBXFrameworksBuildPhase section */
		E73262BA2B8ACFB400FC02F2 /* Frameworks */ = {
			isa = PBXFrameworksBuildPhase;
			buildActionMask = 2147483647;
			files = (
			);
			runOnlyForDeploymentPostprocessing = 0;
		};
		E7946C872B8A498400AEA7B0 /* Frameworks */ = {
			isa = PBXFrameworksBuildPhase;
			buildActionMask = 2147483647;
			files = (
			);
			runOnlyForDeploymentPostprocessing = 0;
		};
/* End PBXFrameworksBuildPhase section */

/* Begin PBXGroup section */
		E706094B2B8B860D007F404E /* ViewModels */ = {
			isa = PBXGroup;
			children = (
				E706094E2B8BB070007F404E /* HomeViewModel.swift */,
				E70609492B8B8606007F404E /* QuizViewModel.swift */,
				E706094C2B8B9C16007F404E /* ScoreViewModel.swift */,
			);
			path = ViewModels;
			sourceTree = "<group>";
		};
		E73262BE2B8ACFB400FC02F2 /* Teste_Tecnico_iOS_Dynamox_ViewCodeTests */ = {
			isa = PBXGroup;
			children = (
				E73262BF2B8ACFB400FC02F2 /* Teste_Tecnico_iOS_Dynamox_ViewCodeTests.swift */,
			);
			path = Teste_Tecnico_iOS_Dynamox_ViewCodeTests;
			sourceTree = "<group>";
		};
		E7481C572B8C076900219F21 /* Styles */ = {
			isa = PBXGroup;
			children = (
				E7481C552B8C075D00219F21 /* UIButtonCustomStyle.swift */,
			);
			path = Styles;
			sourceTree = "<group>";
		};
		E7675E392B8BD56500E372D1 /* Data */ = {
			isa = PBXGroup;
			children = (
				E7675E362B8BD55C00E372D1 /* ScoreDataModel.xcdatamodeld */,
			);
			path = Data;
			sourceTree = "<group>";
		};
		E7946C812B8A498400AEA7B0 = {
			isa = PBXGroup;
			children = (
				E7946C8C2B8A498400AEA7B0 /* Teste_Tecnico_iOS_Dynamox_ViewCode */,
				E73262BE2B8ACFB400FC02F2 /* Teste_Tecnico_iOS_Dynamox_ViewCodeTests */,
				E7946C8B2B8A498400AEA7B0 /* Products */,
			);
			sourceTree = "<group>";
		};
		E7946C8B2B8A498400AEA7B0 /* Products */ = {
			isa = PBXGroup;
			children = (
				E7946C8A2B8A498400AEA7B0 /* Teste_Tecnico_iOS_Dynamox_ViewCode.app */,
				E73262BD2B8ACFB400FC02F2 /* Teste_Tecnico_iOS_Dynamox_ViewCodeTests.xctest */,
			);
			name = Products;
			sourceTree = "<group>";
		};
		E7946C8C2B8A498400AEA7B0 /* Teste_Tecnico_iOS_Dynamox_ViewCode */ = {
			isa = PBXGroup;
			children = (
				E7946C8D2B8A498400AEA7B0 /* AppDelegate.swift */,
				E7946C8F2B8A498400AEA7B0 /* SceneDelegate.swift */,
				E7067AC02B8C20AB008B342A /* SplashViewController.swift */,
				E7A7A4E22B9929FD00B3C0FB /* SplashLoginViewController.swift */,
				E794B38D2B8A682000E797C3 /* Models */,
				E706094B2B8B860D007F404E /* ViewModels */,
				E794B3882B8A672E00E797C3 /* ViewControllers */,
				E7675E392B8BD56500E372D1 /* Data */,
				E7481C572B8C076900219F21 /* Styles */,
				E7946C962B8A498700AEA7B0 /* Assets.xcassets */,
				E7946C9B2B8A498700AEA7B0 /* Info.plist */,
			);
			path = Teste_Tecnico_iOS_Dynamox_ViewCode;
			sourceTree = "<group>";
		};
		E794B3882B8A672E00E797C3 /* ViewControllers */ = {
			isa = PBXGroup;
			children = (
				E7946C912B8A498400AEA7B0 /* HomeViewController.swift */,
				E794B3862B8A59DA00E797C3 /* QuizViewController.swift */,
				E7FD2BEB2B8A96B300D030AC /* ScoreViewController.swift */,
			);
			path = ViewControllers;
			sourceTree = "<group>";
		};
		E794B38D2B8A682000E797C3 /* Models */ = {
			isa = PBXGroup;
			children = (
				E794B3892B8A674D00E797C3 /* QuizManager.swift */,
				E7F119C72B8BFC26000DE918 /* QuizManagerProtocol.swift */,
				E7F119C92B8BFC4B000DE918 /* QuizManagerStub.swift */,
				E794B38B2B8A67ED00E797C3 /* Question.swift */,
				E794B38E2B8A683800E797C3 /* AnswerResponse.swift */,
			);
			path = Models;
			sourceTree = "<group>";
		};
/* End PBXGroup section */

/* Begin PBXNativeTarget section */
		E73262BC2B8ACFB400FC02F2 /* Teste_Tecnico_iOS_Dynamox_ViewCodeTests */ = {
			isa = PBXNativeTarget;
			buildConfigurationList = E73262C52B8ACFB400FC02F2 /* Build configuration list for PBXNativeTarget "Teste_Tecnico_iOS_Dynamox_ViewCodeTests" */;
			buildPhases = (
				E73262B92B8ACFB400FC02F2 /* Sources */,
				E73262BA2B8ACFB400FC02F2 /* Frameworks */,
				E73262BB2B8ACFB400FC02F2 /* Resources */,
			);
			buildRules = (
			);
			dependencies = (
				E73262C22B8ACFB400FC02F2 /* PBXTargetDependency */,
			);
			name = Teste_Tecnico_iOS_Dynamox_ViewCodeTests;
			productName = Teste_Tecnico_iOS_Dynamox_ViewCodeTests;
			productReference = E73262BD2B8ACFB400FC02F2 /* Teste_Tecnico_iOS_Dynamox_ViewCodeTests.xctest */;
			productType = "com.apple.product-type.bundle.unit-test";
		};
		E7946C892B8A498400AEA7B0 /* Teste_Tecnico_iOS_Dynamox_ViewCode */ = {
			isa = PBXNativeTarget;
			buildConfigurationList = E7946C9E2B8A498700AEA7B0 /* Build configuration list for PBXNativeTarget "Teste_Tecnico_iOS_Dynamox_ViewCode" */;
			buildPhases = (
				E7946C862B8A498400AEA7B0 /* Sources */,
				E7946C872B8A498400AEA7B0 /* Frameworks */,
				E7946C882B8A498400AEA7B0 /* Resources */,
			);
			buildRules = (
			);
			dependencies = (
			);
			name = Teste_Tecnico_iOS_Dynamox_ViewCode;
			productName = Teste_Tecnico_iOS_Dynamox_ViewCode;
			productReference = E7946C8A2B8A498400AEA7B0 /* Teste_Tecnico_iOS_Dynamox_ViewCode.app */;
			productType = "com.apple.product-type.application";
		};
/* End PBXNativeTarget section */

/* Begin PBXProject section */
		E7946C822B8A498400AEA7B0 /* Project object */ = {
			isa = PBXProject;
			attributes = {
				BuildIndependentTargetsInParallel = 1;
				LastSwiftUpdateCheck = 1520;
				LastUpgradeCheck = 1520;
				TargetAttributes = {
					E73262BC2B8ACFB400FC02F2 = {
						CreatedOnToolsVersion = 15.2;
						TestTargetID = E7946C892B8A498400AEA7B0;
					};
					E7946C892B8A498400AEA7B0 = {
						CreatedOnToolsVersion = 15.2;
					};
				};
			};
			buildConfigurationList = E7946C852B8A498400AEA7B0 /* Build configuration list for PBXProject "Teste_Tecnico_iOS_Dynamox_ViewCode" */;
			compatibilityVersion = "Xcode 14.0";
			developmentRegion = en;
			hasScannedForEncodings = 0;
			knownRegions = (
				en,
				Base,
			);
			mainGroup = E7946C812B8A498400AEA7B0;
			productRefGroup = E7946C8B2B8A498400AEA7B0 /* Products */;
			projectDirPath = "";
			projectRoot = "";
			targets = (
				E7946C892B8A498400AEA7B0 /* Teste_Tecnico_iOS_Dynamox_ViewCode */,
				E73262BC2B8ACFB400FC02F2 /* Teste_Tecnico_iOS_Dynamox_ViewCodeTests */,
			);
		};
/* End PBXProject section */

/* Begin PBXResourcesBuildPhase section */
		E73262BB2B8ACFB400FC02F2 /* Resources */ = {
			isa = PBXResourcesBuildPhase;
			buildActionMask = 2147483647;
			files = (
			);
			runOnlyForDeploymentPostprocessing = 0;
		};
		E7946C882B8A498400AEA7B0 /* Resources */ = {
			isa = PBXResourcesBuildPhase;
			buildActionMask = 2147483647;
			files = (
				E7946C972B8A498700AEA7B0 /* Assets.xcassets in Resources */,
			);
			runOnlyForDeploymentPostprocessing = 0;
		};
/* End PBXResourcesBuildPhase section */

/* Begin PBXSourcesBuildPhase section */
		E73262B92B8ACFB400FC02F2 /* Sources */ = {
			isa = PBXSourcesBuildPhase;
			buildActionMask = 2147483647;
			files = (
				E73262C02B8ACFB400FC02F2 /* Teste_Tecnico_iOS_Dynamox_ViewCodeTests.swift in Sources */,
			);
			runOnlyForDeploymentPostprocessing = 0;
		};
		E7946C862B8A498400AEA7B0 /* Sources */ = {
			isa = PBXSourcesBuildPhase;
			buildActionMask = 2147483647;
			files = (
				E7946C922B8A498400AEA7B0 /* HomeViewController.swift in Sources */,
				E706094F2B8BB071007F404E /* HomeViewModel.swift in Sources */,
				E7F119CA2B8BFC4B000DE918 /* QuizManagerStub.swift in Sources */,
				E7A7A4E32B9929FD00B3C0FB /* SplashLoginViewController.swift in Sources */,
				E7481C562B8C075D00219F21 /* UIButtonCustomStyle.swift in Sources */,
				E706094D2B8B9C16007F404E /* ScoreViewModel.swift in Sources */,
				E794B38F2B8A683800E797C3 /* AnswerResponse.swift in Sources */,
				E7675E382B8BD55C00E372D1 /* ScoreDataModel.xcdatamodeld in Sources */,
				E7946C8E2B8A498400AEA7B0 /* AppDelegate.swift in Sources */,
				E706094A2B8B8606007F404E /* QuizViewModel.swift in Sources */,
				E794B38A2B8A674D00E797C3 /* QuizManager.swift in Sources */,
				E794B38C2B8A67ED00E797C3 /* Question.swift in Sources */,
				E7946C902B8A498400AEA7B0 /* SceneDelegate.swift in Sources */,
				E7F119C82B8BFC26000DE918 /* QuizManagerProtocol.swift in Sources */,
				E794B3872B8A59DA00E797C3 /* QuizViewController.swift in Sources */,
				E7FD2BEC2B8A96B400D030AC /* ScoreViewController.swift in Sources */,
				E7067AC12B8C20AB008B342A /* SplashViewController.swift in Sources */,
			);
			runOnlyForDeploymentPostprocessing = 0;
		};
/* End PBXSourcesBuildPhase section */

/* Begin PBXTargetDependency section */
		E73262C22B8ACFB400FC02F2 /* PBXTargetDependency */ = {
			isa = PBXTargetDependency;
			target = E7946C892B8A498400AEA7B0 /* Teste_Tecnico_iOS_Dynamox_ViewCode */;
			targetProxy = E73262C12B8ACFB400FC02F2 /* PBXContainerItemProxy */;
		};
/* End PBXTargetDependency section */

/* Begin XCBuildConfiguration section */
		E73262C32B8ACFB400FC02F2 /* Debug */ = {
			isa = XCBuildConfiguration;
			buildSettings = {
				BUNDLE_LOADER = "$(TEST_HOST)";
				CODE_SIGN_STYLE = Automatic;
				CURRENT_PROJECT_VERSION = 1;
				DEVELOPMENT_TEAM = 6Z725Z7MS8;
				GENERATE_INFOPLIST_FILE = YES;
				MARKETING_VERSION = 1.0;
				PRODUCT_BUNDLE_IDENTIFIER = "vitor.Teste-Tecnico-iOS-Dynamox-ViewCodeTests";
				PRODUCT_NAME = "$(TARGET_NAME)";
				SWIFT_EMIT_LOC_STRINGS = NO;
				SWIFT_VERSION = 5.0;
				TARGETED_DEVICE_FAMILY = "1,2";
				TEST_HOST = "$(BUILT_PRODUCTS_DIR)/Teste_Tecnico_iOS_Dynamox_ViewCode.app/$(BUNDLE_EXECUTABLE_FOLDER_PATH)/Teste_Tecnico_iOS_Dynamox_ViewCode";
			};
			name = Debug;
		};
		E73262C42B8ACFB400FC02F2 /* Release */ = {
			isa = XCBuildConfiguration;
			buildSettings = {
				BUNDLE_LOADER = "$(TEST_HOST)";
				CODE_SIGN_STYLE = Automatic;
				CURRENT_PROJECT_VERSION = 1;
				DEVELOPMENT_TEAM = 6Z725Z7MS8;
				GENERATE_INFOPLIST_FILE = YES;
				MARKETING_VERSION = 1.0;
				PRODUCT_BUNDLE_IDENTIFIER = "vitor.Teste-Tecnico-iOS-Dynamox-ViewCodeTests";
				PRODUCT_NAME = "$(TARGET_NAME)";
				SWIFT_EMIT_LOC_STRINGS = NO;
				SWIFT_VERSION = 5.0;
				TARGETED_DEVICE_FAMILY = "1,2";
				TEST_HOST = "$(BUILT_PRODUCTS_DIR)/Teste_Tecnico_iOS_Dynamox_ViewCode.app/$(BUNDLE_EXECUTABLE_FOLDER_PATH)/Teste_Tecnico_iOS_Dynamox_ViewCode";
			};
			name = Release;
		};
		E7946C9C2B8A498700AEA7B0 /* Debug */ = {
			isa = XCBuildConfiguration;
			buildSettings = {
				ALWAYS_SEARCH_USER_PATHS = NO;
				ASSETCATALOG_COMPILER_GENERATE_SWIFT_ASSET_SYMBOL_EXTENSIONS = YES;
				CLANG_ANALYZER_NONNULL = YES;
				CLANG_ANALYZER_NUMBER_OBJECT_CONVERSION = YES_AGGRESSIVE;
				CLANG_CXX_LANGUAGE_STANDARD = "gnu++20";
				CLANG_ENABLE_MODULES = YES;
				CLANG_ENABLE_OBJC_ARC = YES;
				CLANG_ENABLE_OBJC_WEAK = YES;
				CLANG_WARN_BLOCK_CAPTURE_AUTORELEASING = YES;
				CLANG_WARN_BOOL_CONVERSION = YES;
				CLANG_WARN_COMMA = YES;
				CLANG_WARN_CONSTANT_CONVERSION = YES;
				CLANG_WARN_DEPRECATED_OBJC_IMPLEMENTATIONS = YES;
				CLANG_WARN_DIRECT_OBJC_ISA_USAGE = YES_ERROR;
				CLANG_WARN_DOCUMENTATION_COMMENTS = YES;
				CLANG_WARN_EMPTY_BODY = YES;
				CLANG_WARN_ENUM_CONVERSION = YES;
				CLANG_WARN_INFINITE_RECURSION = YES;
				CLANG_WARN_INT_CONVERSION = YES;
				CLANG_WARN_NON_LITERAL_NULL_CONVERSION = YES;
				CLANG_WARN_OBJC_IMPLICIT_RETAIN_SELF = YES;
				CLANG_WARN_OBJC_LITERAL_CONVERSION = YES;
				CLANG_WARN_OBJC_ROOT_CLASS = YES_ERROR;
				CLANG_WARN_QUOTED_INCLUDE_IN_FRAMEWORK_HEADER = YES;
				CLANG_WARN_RANGE_LOOP_ANALYSIS = YES;
				CLANG_WARN_STRICT_PROTOTYPES = YES;
				CLANG_WARN_SUSPICIOUS_MOVE = YES;
				CLANG_WARN_UNGUARDED_AVAILABILITY = YES_AGGRESSIVE;
				CLANG_WARN_UNREACHABLE_CODE = YES;
				CLANG_WARN__DUPLICATE_METHOD_MATCH = YES;
				COPY_PHASE_STRIP = NO;
				DEBUG_INFORMATION_FORMAT = dwarf;
				ENABLE_STRICT_OBJC_MSGSEND = YES;
				ENABLE_TESTABILITY = YES;
				ENABLE_USER_SCRIPT_SANDBOXING = YES;
				GCC_C_LANGUAGE_STANDARD = gnu17;
				GCC_DYNAMIC_NO_PIC = NO;
				GCC_NO_COMMON_BLOCKS = YES;
				GCC_OPTIMIZATION_LEVEL = 0;
				GCC_PREPROCESSOR_DEFINITIONS = (
					"DEBUG=1",
					"$(inherited)",
				);
				GCC_WARN_64_TO_32_BIT_CONVERSION = YES;
				GCC_WARN_ABOUT_RETURN_TYPE = YES_ERROR;
				GCC_WARN_UNDECLARED_SELECTOR = YES;
				GCC_WARN_UNINITIALIZED_AUTOS = YES_AGGRESSIVE;
				GCC_WARN_UNUSED_FUNCTION = YES;
				GCC_WARN_UNUSED_VARIABLE = YES;
				IPHONEOS_DEPLOYMENT_TARGET = 17.2;
				LOCALIZATION_PREFERS_STRING_CATALOGS = YES;
				MTL_ENABLE_DEBUG_INFO = INCLUDE_SOURCE;
				MTL_FAST_MATH = YES;
				ONLY_ACTIVE_ARCH = YES;
				SDKROOT = iphoneos;
				SWIFT_ACTIVE_COMPILATION_CONDITIONS = "DEBUG $(inherited)";
				SWIFT_OPTIMIZATION_LEVEL = "-Onone";
			};
			name = Debug;
		};
		E7946C9D2B8A498700AEA7B0 /* Release */ = {
			isa = XCBuildConfiguration;
			buildSettings = {
				ALWAYS_SEARCH_USER_PATHS = NO;
				ASSETCATALOG_COMPILER_GENERATE_SWIFT_ASSET_SYMBOL_EXTENSIONS = YES;
				CLANG_ANALYZER_NONNULL = YES;
				CLANG_ANALYZER_NUMBER_OBJECT_CONVERSION = YES_AGGRESSIVE;
				CLANG_CXX_LANGUAGE_STANDARD = "gnu++20";
				CLANG_ENABLE_MODULES = YES;
				CLANG_ENABLE_OBJC_ARC = YES;
				CLANG_ENABLE_OBJC_WEAK = YES;
				CLANG_WARN_BLOCK_CAPTURE_AUTORELEASING = YES;
				CLANG_WARN_BOOL_CONVERSION = YES;
				CLANG_WARN_COMMA = YES;
				CLANG_WARN_CONSTANT_CONVERSION = YES;
				CLANG_WARN_DEPRECATED_OBJC_IMPLEMENTATIONS = YES;
				CLANG_WARN_DIRECT_OBJC_ISA_USAGE = YES_ERROR;
				CLANG_WARN_DOCUMENTATION_COMMENTS = YES;
				CLANG_WARN_EMPTY_BODY = YES;
				CLANG_WARN_ENUM_CONVERSION = YES;
				CLANG_WARN_INFINITE_RECURSION = YES;
				CLANG_WARN_INT_CONVERSION = YES;
				CLANG_WARN_NON_LITERAL_NULL_CONVERSION = YES;
				CLANG_WARN_OBJC_IMPLICIT_RETAIN_SELF = YES;
				CLANG_WARN_OBJC_LITERAL_CONVERSION = YES;
				CLANG_WARN_OBJC_ROOT_CLASS = YES_ERROR;
				CLANG_WARN_QUOTED_INCLUDE_IN_FRAMEWORK_HEADER = YES;
				CLANG_WARN_RANGE_LOOP_ANALYSIS = YES;
				CLANG_WARN_STRICT_PROTOTYPES = YES;
				CLANG_WARN_SUSPICIOUS_MOVE = YES;
				CLANG_WARN_UNGUARDED_AVAILABILITY = YES_AGGRESSIVE;
				CLANG_WARN_UNREACHABLE_CODE = YES;
				CLANG_WARN__DUPLICATE_METHOD_MATCH = YES;
				COPY_PHASE_STRIP = NO;
				DEBUG_INFORMATION_FORMAT = "dwarf-with-dsym";
				ENABLE_NS_ASSERTIONS = NO;
				ENABLE_STRICT_OBJC_MSGSEND = YES;
				ENABLE_USER_SCRIPT_SANDBOXING = YES;
				GCC_C_LANGUAGE_STANDARD = gnu17;
				GCC_NO_COMMON_BLOCKS = YES;
				GCC_WARN_64_TO_32_BIT_CONVERSION = YES;
				GCC_WARN_ABOUT_RETURN_TYPE = YES_ERROR;
				GCC_WARN_UNDECLARED_SELECTOR = YES;
				GCC_WARN_UNINITIALIZED_AUTOS = YES_AGGRESSIVE;
				GCC_WARN_UNUSED_FUNCTION = YES;
				GCC_WARN_UNUSED_VARIABLE = YES;
				IPHONEOS_DEPLOYMENT_TARGET = 17.2;
				LOCALIZATION_PREFERS_STRING_CATALOGS = YES;
				MTL_ENABLE_DEBUG_INFO = NO;
				MTL_FAST_MATH = YES;
				SDKROOT = iphoneos;
				SWIFT_COMPILATION_MODE = wholemodule;
				VALIDATE_PRODUCT = YES;
			};
			name = Release;
		};
		E7946C9F2B8A498700AEA7B0 /* Debug */ = {
			isa = XCBuildConfiguration;
			buildSettings = {
				ASSETCATALOG_COMPILER_APPICON_NAME = AppIcon;
				ASSETCATALOG_COMPILER_GLOBAL_ACCENT_COLOR_NAME = AccentColor;
				CODE_SIGN_STYLE = Automatic;
				CURRENT_PROJECT_VERSION = 1;
				DEVELOPMENT_TEAM = 6Z725Z7MS8;
				GENERATE_INFOPLIST_FILE = YES;
				INFOPLIST_FILE = Teste_Tecnico_iOS_Dynamox_ViewCode/Info.plist;
				INFOPLIST_KEY_UIApplicationSupportsIndirectInputEvents = YES;
				INFOPLIST_KEY_UILaunchStoryboardName = LaunchScreen;
				INFOPLIST_KEY_UISupportedInterfaceOrientations_iPad = "UIInterfaceOrientationPortrait UIInterfaceOrientationPortraitUpsideDown UIInterfaceOrientationLandscapeLeft UIInterfaceOrientationLandscapeRight";
				INFOPLIST_KEY_UISupportedInterfaceOrientations_iPhone = "UIInterfaceOrientationPortrait UIInterfaceOrientationLandscapeLeft UIInterfaceOrientationLandscapeRight";
				LD_RUNPATH_SEARCH_PATHS = (
					"$(inherited)",
					"@executable_path/Frameworks",
				);
				MARKETING_VERSION = 1.0;
				PRODUCT_BUNDLE_IDENTIFIER = "vitor.Teste-Tecnico-iOS-Dynamox-ViewCode";
				PRODUCT_NAME = "$(TARGET_NAME)";
				SWIFT_EMIT_LOC_STRINGS = YES;
				SWIFT_VERSION = 5.0;
				TARGETED_DEVICE_FAMILY = "1,2";
			};
			name = Debug;
		};
		E7946CA02B8A498700AEA7B0 /* Release */ = {
			isa = XCBuildConfiguration;
			buildSettings = {
				ASSETCATALOG_COMPILER_APPICON_NAME = AppIcon;
				ASSETCATALOG_COMPILER_GLOBAL_ACCENT_COLOR_NAME = AccentColor;
				CODE_SIGN_STYLE = Automatic;
				CURRENT_PROJECT_VERSION = 1;
				DEVELOPMENT_TEAM = 6Z725Z7MS8;
				GENERATE_INFOPLIST_FILE = YES;
				INFOPLIST_FILE = Teste_Tecnico_iOS_Dynamox_ViewCode/Info.plist;
				INFOPLIST_KEY_UIApplicationSupportsIndirectInputEvents = YES;
				INFOPLIST_KEY_UILaunchStoryboardName = LaunchScreen;
				INFOPLIST_KEY_UISupportedInterfaceOrientations_iPad = "UIInterfaceOrientationPortrait UIInterfaceOrientationPortraitUpsideDown UIInterfaceOrientationLandscapeLeft UIInterfaceOrientationLandscapeRight";
				INFOPLIST_KEY_UISupportedInterfaceOrientations_iPhone = "UIInterfaceOrientationPortrait UIInterfaceOrientationLandscapeLeft UIInterfaceOrientationLandscapeRight";
				LD_RUNPATH_SEARCH_PATHS = (
					"$(inherited)",
					"@executable_path/Frameworks",
				);
				MARKETING_VERSION = 1.0;
				PRODUCT_BUNDLE_IDENTIFIER = "vitor.Teste-Tecnico-iOS-Dynamox-ViewCode";
				PRODUCT_NAME = "$(TARGET_NAME)";
				SWIFT_EMIT_LOC_STRINGS = YES;
				SWIFT_VERSION = 5.0;
				TARGETED_DEVICE_FAMILY = "1,2";
			};
			name = Release;
		};
/* End XCBuildConfiguration section */

/* Begin XCConfigurationList section */
		E73262C52B8ACFB400FC02F2 /* Build configuration list for PBXNativeTarget "Teste_Tecnico_iOS_Dynamox_ViewCodeTests" */ = {
			isa = XCConfigurationList;
			buildConfigurations = (
				E73262C32B8ACFB400FC02F2 /* Debug */,
				E73262C42B8ACFB400FC02F2 /* Release */,
			);
			defaultConfigurationIsVisible = 0;
			defaultConfigurationName = Release;
		};
		E7946C852B8A498400AEA7B0 /* Build configuration list for PBXProject "Teste_Tecnico_iOS_Dynamox_ViewCode" */ = {
			isa = XCConfigurationList;
			buildConfigurations = (
				E7946C9C2B8A498700AEA7B0 /* Debug */,
				E7946C9D2B8A498700AEA7B0 /* Release */,
			);
			defaultConfigurationIsVisible = 0;
			defaultConfigurationName = Release;
		};
		E7946C9E2B8A498700AEA7B0 /* Build configuration list for PBXNativeTarget "Teste_Tecnico_iOS_Dynamox_ViewCode" */ = {
			isa = XCConfigurationList;
			buildConfigurations = (
				E7946C9F2B8A498700AEA7B0 /* Debug */,
				E7946CA02B8A498700AEA7B0 /* Release */,
			);
			defaultConfigurationIsVisible = 0;
			defaultConfigurationName = Release;
		};
/* End XCConfigurationList section */

/* Begin XCVersionGroup section */
		E7675E362B8BD55C00E372D1 /* ScoreDataModel.xcdatamodeld */ = {
			isa = XCVersionGroup;
			children = (
				E7675E372B8BD55C00E372D1 /* ScoreData.xcdatamodel */,
			);
			currentVersion = E7675E372B8BD55C00E372D1 /* ScoreData.xcdatamodel */;
			path = ScoreDataModel.xcdatamodeld;
			sourceTree = "<group>";
			versionGroupType = wrapper.xcdatamodel;
		};
/* End XCVersionGroup section */
	};
	rootObject = E7946C822B8A498400AEA7B0 /* Project object */;
}
